
Microsoft Visual Studio Solution File, Format Version 12.00
# Visual Studio Version 16
VisualStudioVersion = 16.0.29519.181
MinimumVisualStudioVersion = 10.0.40219.1
Project("{9A19103F-16F7-4668-BE54-9A1E7A4F7556}") = "Methods", "Methods\Methods.csproj", "{D56B0B18-4808-4B2B-8321-F81F1013136B}"
EndProject
Project("{FAE04EC0-301F-11D3-BF4B-00C04F79EFBC}") = "UnitTests", "UnitTests\UnitTests.csproj", "{F7FC71F0-D16D-44D4-8203-46AEEA60A6EF}"
EndProject
Global
	GlobalSection(SolutionConfigurationPlatforms) = preSolution
		Debug|Any CPU = Debug|Any CPU
		Release|Any CPU = Release|Any CPU
	EndGlobalSection
	GlobalSection(ProjectConfigurationPlatforms) = postSolution
		{D56B0B18-4808-4B2B-8321-F81F1013136B}.Debug|Any CPU.ActiveCfg = Debug|Any CPU
		{D56B0B18-4808-4B2B-8321-F81F1013136B}.Debug|Any CPU.Build.0 = Debug|Any CPU
		{D56B0B18-4808-4B2B-8321-F81F1013136B}.Release|Any CPU.ActiveCfg = Release|Any CPU
		{D56B0B18-4808-4B2B-8321-F81F1013136B}.Release|Any CPU.Build.0 = Release|Any CPU
		{F7FC71F0-D16D-44D4-8203-46AEEA60A6EF}.Debug|Any CPU.ActiveCfg = Debug|Any CPU
		{F7FC71F0-D16D-44D4-8203-46AEEA60A6EF}.Debug|Any CPU.Build.0 = Debug|Any CPU
		{F7FC71F0-D16D-44D4-8203-46AEEA60A6EF}.Release|Any CPU.ActiveCfg = Release|Any CPU
		{F7FC71F0-D16D-44D4-8203-46AEEA60A6EF}.Release|Any CPU.Build.0 = Release|Any CPU
	EndGlobalSection
	GlobalSection(SolutionProperties) = preSolution
		HideSolutionNode = FALSE
	EndGlobalSection
	GlobalSection(ExtensibilityGlobals) = postSolution
		SolutionGuid = {625A59D7-5698-4774-962A-148098117688}
	EndGlobalSection
EndGlobal
